
Microsoft Visual Studio Solution File, Format Version 12.00
# Visual Studio 15
VisualStudioVersion = 15.0.28307.1321
MinimumVisualStudioVersion = 10.0.40219.1
Project("{8BC9CEB8-8B4A-11D0-8D11-00A0C91BC942}") = "DialogTest", "DialogTest\DialogTest.vcxproj", "{F9AAB621-E172-4DCE-B993-72167E02CA98}"
EndProject
Global
	GlobalSection(SolutionConfigurationPlatforms) = preSolution
		Debug|x64 = Debug|x64
		Debug|x86 = Debug|x86
		Release|x64 = Release|x64
		Release|x86 = Release|x86
	EndGlobalSection
	GlobalSection(ProjectConfigurationPlatforms) = postSolution
		{F9AAB621-E172-4DCE-B993-72167E02CA98}.Debug|x64.ActiveCfg = Debug|x64
		{F9AAB621-E172-4DCE-B993-72167E02CA98}.Debug|x64.Build.0 = Debug|x64
		{F9AAB621-E172-4DCE-B993-72167E02CA98}.Debug|x86.ActiveCfg = Debug|Win32
		{F9AAB621-E172-4DCE-B993-72167E02CA98}.Debug|x86.Build.0 = Debug|Win32
		{F9AAB621-E172-4DCE-B993-72167E02CA98}.Release|x64.ActiveCfg = Release|x64
		{F9AAB621-E172-4DCE-B993-72167E02CA98}.Release|x64.Build.0 = Release|x64
		{F9AAB621-E172-4DCE-B993-72167E02CA98}.Release|x86.ActiveCfg = Release|Win32
		{F9AAB621-E172-4DCE-B993-72167E02CA98}.Release|x86.Build.0 = Release|Win32
	EndGlobalSection
	GlobalSection(SolutionProperties) = preSolution
		HideSolutionNode = FALSE
	EndGlobalSection
	GlobalSection(ExtensibilityGlobals) = postSolution
		SolutionGuid = {B0A61371-3451-4CBA-BF2F-5B1F93700263}
	EndGlobalSection
EndGlobal
